
Microsoft Visual Studio Solution File, Format Version 12.00
# Visual Studio Version 16
VisualStudioVersion = 16.0.31025.194
MinimumVisualStudioVersion = 10.0.40219.1
Project("{FAE04EC0-301F-11D3-BF4B-00C04F79EFBC}") = "CrewsD_MidTerm", "CrewsD_MidTerm\CrewsD_MidTerm.csproj", "{8FE9F2AE-A955-4720-93E8-5E4E2777FBA1}"
EndProject
Global
	GlobalSection(SolutionConfigurationPlatforms) = preSolution
		Debug|Any CPU = Debug|Any CPU
		Release|Any CPU = Release|Any CPU
	EndGlobalSection
	GlobalSection(ProjectConfigurationPlatforms) = postSolution
		{8FE9F2AE-A955-4720-93E8-5E4E2777FBA1}.Debug|Any CPU.ActiveCfg = Debug|Any CPU
		{8FE9F2AE-A955-4720-93E8-5E4E2777FBA1}.Debug|Any CPU.Build.0 = Debug|Any CPU
		{8FE9F2AE-A955-4720-93E8-5E4E2777FBA1}.Release|Any CPU.ActiveCfg = Release|Any CPU
		{8FE9F2AE-A955-4720-93E8-5E4E2777FBA1}.Release|Any CPU.Build.0 = Release|Any CPU
	EndGlobalSection
	GlobalSection(SolutionProperties) = preSolution
		HideSolutionNode = FALSE
	EndGlobalSection
	GlobalSection(ExtensibilityGlobals) = postSolution
		SolutionGuid = {EAEC44A7-1A0B-4F51-86BC-BBDD062310A4}
	EndGlobalSection
EndGlobal
